
Microsoft Visual Studio Solution File, Format Version 12.00
# Visual Studio Version 17
VisualStudioVersion = 17.7.34018.315
MinimumVisualStudioVersion = 10.0.40219.1
Project("{FAE04EC0-301F-11D3-BF4B-00C04F79EFBC}") = "listaDeExercicios", "listaDeExercicios.csproj", "{C43ABF52-7B90-4A54-854A-FD934FDF6EEC}"
EndProject
Global
	GlobalSection(SolutionConfigurationPlatforms) = preSolution
		Debug|Any CPU = Debug|Any CPU
		Release|Any CPU = Release|Any CPU
	EndGlobalSection
	GlobalSection(ProjectConfigurationPlatforms) = postSolution
		{C43ABF52-7B90-4A54-854A-FD934FDF6EEC}.Debug|Any CPU.ActiveCfg = Debug|Any CPU
		{C43ABF52-7B90-4A54-854A-FD934FDF6EEC}.Debug|Any CPU.Build.0 = Debug|Any CPU
		{C43ABF52-7B90-4A54-854A-FD934FDF6EEC}.Release|Any CPU.ActiveCfg = Release|Any CPU
		{C43ABF52-7B90-4A54-854A-FD934FDF6EEC}.Release|Any CPU.Build.0 = Release|Any CPU
	EndGlobalSection
	GlobalSection(SolutionProperties) = preSolution
		HideSolutionNode = FALSE
	EndGlobalSection
	GlobalSection(ExtensibilityGlobals) = postSolution
		SolutionGuid = {09B58546-30CE-4F4F-BB64-E2A67CC566D2}
	EndGlobalSection
EndGlobal
