
Microsoft Visual Studio Solution File, Format Version 12.00
# Visual Studio Version 17
VisualStudioVersion = 17.7.34003.232
MinimumVisualStudioVersion = 10.0.40219.1
Project("{FAE04EC0-301F-11D3-BF4B-00C04F79EFBC}") = "numeroimpar", "numeroimpar.csproj", "{34EED197-BE36-4704-B44F-89000AF80A2A}"
EndProject
Global
	GlobalSection(SolutionConfigurationPlatforms) = preSolution
		Debug|Any CPU = Debug|Any CPU
		Release|Any CPU = Release|Any CPU
	EndGlobalSection
	GlobalSection(ProjectConfigurationPlatforms) = postSolution
		{34EED197-BE36-4704-B44F-89000AF80A2A}.Debug|Any CPU.ActiveCfg = Debug|Any CPU
		{34EED197-BE36-4704-B44F-89000AF80A2A}.Debug|Any CPU.Build.0 = Debug|Any CPU
		{34EED197-BE36-4704-B44F-89000AF80A2A}.Release|Any CPU.ActiveCfg = Release|Any CPU
		{34EED197-BE36-4704-B44F-89000AF80A2A}.Release|Any CPU.Build.0 = Release|Any CPU
	EndGlobalSection
	GlobalSection(SolutionProperties) = preSolution
		HideSolutionNode = FALSE
	EndGlobalSection
	GlobalSection(ExtensibilityGlobals) = postSolution
		SolutionGuid = {46A5AAD8-556C-417E-8AEB-03704A03ED30}
	EndGlobalSection
EndGlobal
