
Microsoft Visual Studio Solution File, Format Version 12.00
# Visual Studio Version 17
VisualStudioVersion = 17.7.34003.232
MinimumVisualStudioVersion = 10.0.40219.1
Project("{FAE04EC0-301F-11D3-BF4B-00C04F79EFBC}") = "calcularpesoealtura", "calcularpesoealtura.csproj", "{3C4FC0B5-A83A-417A-B9FB-ECDC9CD33760}"
EndProject
Global
	GlobalSection(SolutionConfigurationPlatforms) = preSolution
		Debug|Any CPU = Debug|Any CPU
		Release|Any CPU = Release|Any CPU
	EndGlobalSection
	GlobalSection(ProjectConfigurationPlatforms) = postSolution
		{3C4FC0B5-A83A-417A-B9FB-ECDC9CD33760}.Debug|Any CPU.ActiveCfg = Debug|Any CPU
		{3C4FC0B5-A83A-417A-B9FB-ECDC9CD33760}.Debug|Any CPU.Build.0 = Debug|Any CPU
		{3C4FC0B5-A83A-417A-B9FB-ECDC9CD33760}.Release|Any CPU.ActiveCfg = Release|Any CPU
		{3C4FC0B5-A83A-417A-B9FB-ECDC9CD33760}.Release|Any CPU.Build.0 = Release|Any CPU
	EndGlobalSection
	GlobalSection(SolutionProperties) = preSolution
		HideSolutionNode = FALSE
	EndGlobalSection
	GlobalSection(ExtensibilityGlobals) = postSolution
		SolutionGuid = {C0BCBEE4-4BAA-453D-8668-5B93BF058CAE}
	EndGlobalSection
EndGlobal
