
Microsoft Visual Studio Solution File, Format Version 12.00
# Visual Studio Version 17
VisualStudioVersion = 17.7.34018.315
MinimumVisualStudioVersion = 10.0.40219.1
Project("{FAE04EC0-301F-11D3-BF4B-00C04F79EFBC}") = "questao2", "questao2.csproj", "{59720CB4-46E0-43CC-AC86-474E43AACD7B}"
EndProject
Global
	GlobalSection(SolutionConfigurationPlatforms) = preSolution
		Debug|Any CPU = Debug|Any CPU
		Release|Any CPU = Release|Any CPU
	EndGlobalSection
	GlobalSection(ProjectConfigurationPlatforms) = postSolution
		{59720CB4-46E0-43CC-AC86-474E43AACD7B}.Debug|Any CPU.ActiveCfg = Debug|Any CPU
		{59720CB4-46E0-43CC-AC86-474E43AACD7B}.Debug|Any CPU.Build.0 = Debug|Any CPU
		{59720CB4-46E0-43CC-AC86-474E43AACD7B}.Release|Any CPU.ActiveCfg = Release|Any CPU
		{59720CB4-46E0-43CC-AC86-474E43AACD7B}.Release|Any CPU.Build.0 = Release|Any CPU
	EndGlobalSection
	GlobalSection(SolutionProperties) = preSolution
		HideSolutionNode = FALSE
	EndGlobalSection
	GlobalSection(ExtensibilityGlobals) = postSolution
		SolutionGuid = {79DCDDB4-A8F2-408B-B746-18686DFCC8CB}
	EndGlobalSection
EndGlobal
