
Microsoft Visual Studio Solution File, Format Version 12.00
# Visual Studio Version 17
VisualStudioVersion = 17.7.34018.315
MinimumVisualStudioVersion = 10.0.40219.1
Project("{FAE04EC0-301F-11D3-BF4B-00C04F79EFBC}") = "questao8", "questao8.csproj", "{62F1C5FE-4DA0-481E-B446-5C5F2DBC6348}"
EndProject
Global
	GlobalSection(SolutionConfigurationPlatforms) = preSolution
		Debug|Any CPU = Debug|Any CPU
		Release|Any CPU = Release|Any CPU
	EndGlobalSection
	GlobalSection(ProjectConfigurationPlatforms) = postSolution
		{62F1C5FE-4DA0-481E-B446-5C5F2DBC6348}.Debug|Any CPU.ActiveCfg = Debug|Any CPU
		{62F1C5FE-4DA0-481E-B446-5C5F2DBC6348}.Debug|Any CPU.Build.0 = Debug|Any CPU
		{62F1C5FE-4DA0-481E-B446-5C5F2DBC6348}.Release|Any CPU.ActiveCfg = Release|Any CPU
		{62F1C5FE-4DA0-481E-B446-5C5F2DBC6348}.Release|Any CPU.Build.0 = Release|Any CPU
	EndGlobalSection
	GlobalSection(SolutionProperties) = preSolution
		HideSolutionNode = FALSE
	EndGlobalSection
	GlobalSection(ExtensibilityGlobals) = postSolution
		SolutionGuid = {B59ED29D-6160-46A5-ABDA-37B5B1D7F1DD}
	EndGlobalSection
EndGlobal
