
Microsoft Visual Studio Solution File, Format Version 12.00
# Visual Studio Version 17
VisualStudioVersion = 17.7.34018.315
MinimumVisualStudioVersion = 10.0.40219.1
Project("{FAE04EC0-301F-11D3-BF4B-00C04F79EFBC}") = "questao1.1", "questao1.1.csproj", "{DFB4EEBB-3437-4A81-8E87-5743835BE875}"
EndProject
Global
	GlobalSection(SolutionConfigurationPlatforms) = preSolution
		Debug|Any CPU = Debug|Any CPU
		Release|Any CPU = Release|Any CPU
	EndGlobalSection
	GlobalSection(ProjectConfigurationPlatforms) = postSolution
		{DFB4EEBB-3437-4A81-8E87-5743835BE875}.Debug|Any CPU.ActiveCfg = Debug|Any CPU
		{DFB4EEBB-3437-4A81-8E87-5743835BE875}.Debug|Any CPU.Build.0 = Debug|Any CPU
		{DFB4EEBB-3437-4A81-8E87-5743835BE875}.Release|Any CPU.ActiveCfg = Release|Any CPU
		{DFB4EEBB-3437-4A81-8E87-5743835BE875}.Release|Any CPU.Build.0 = Release|Any CPU
	EndGlobalSection
	GlobalSection(SolutionProperties) = preSolution
		HideSolutionNode = FALSE
	EndGlobalSection
	GlobalSection(ExtensibilityGlobals) = postSolution
		SolutionGuid = {364724E5-5D13-4B6E-99A5-291B3E029C6C}
	EndGlobalSection
EndGlobal
