
Microsoft Visual Studio Solution File, Format Version 12.00
# Visual Studio Version 17
VisualStudioVersion = 17.7.34009.444
MinimumVisualStudioVersion = 10.0.40219.1
Project("{FAE04EC0-301F-11D3-BF4B-00C04F79EFBC}") = "projetoDeStreaming", "projetoDeStreaming.csproj", "{90E80DF7-8C06-4A2E-B071-86381DDF3002}"
EndProject
Global
	GlobalSection(SolutionConfigurationPlatforms) = preSolution
		Debug|Any CPU = Debug|Any CPU
		Release|Any CPU = Release|Any CPU
	EndGlobalSection
	GlobalSection(ProjectConfigurationPlatforms) = postSolution
		{90E80DF7-8C06-4A2E-B071-86381DDF3002}.Debug|Any CPU.ActiveCfg = Debug|Any CPU
		{90E80DF7-8C06-4A2E-B071-86381DDF3002}.Debug|Any CPU.Build.0 = Debug|Any CPU
		{90E80DF7-8C06-4A2E-B071-86381DDF3002}.Release|Any CPU.ActiveCfg = Release|Any CPU
		{90E80DF7-8C06-4A2E-B071-86381DDF3002}.Release|Any CPU.Build.0 = Release|Any CPU
	EndGlobalSection
	GlobalSection(SolutionProperties) = preSolution
		HideSolutionNode = FALSE
	EndGlobalSection
	GlobalSection(ExtensibilityGlobals) = postSolution
		SolutionGuid = {7D750C4A-861D-45D0-9DE4-DA4263E41B5E}
	EndGlobalSection
EndGlobal
